
Microsoft Visual Studio Solution File, Format Version 12.00
# Visual Studio Version 17
VisualStudioVersion = 17.11.35312.102
MinimumVisualStudioVersion = 10.0.40219.1
Project("{FAE04EC0-301F-11D3-BF4B-00C04F79EFBC}") = "GridViewConFormato", "GridViewConFormato\GridViewConFormato.csproj", "{56081BD9-A859-43BD-9080-FA48DC52901B}"
EndProject
Global
	GlobalSection(SolutionConfigurationPlatforms) = preSolution
		Debug|Any CPU = Debug|Any CPU
		Release|Any CPU = Release|Any CPU
	EndGlobalSection
	GlobalSection(ProjectConfigurationPlatforms) = postSolution
		{56081BD9-A859-43BD-9080-FA48DC52901B}.Debug|Any CPU.ActiveCfg = Debug|Any CPU
		{56081BD9-A859-43BD-9080-FA48DC52901B}.Debug|Any CPU.Build.0 = Debug|Any CPU
		{56081BD9-A859-43BD-9080-FA48DC52901B}.Release|Any CPU.ActiveCfg = Release|Any CPU
		{56081BD9-A859-43BD-9080-FA48DC52901B}.Release|Any CPU.Build.0 = Release|Any CPU
	EndGlobalSection
	GlobalSection(SolutionProperties) = preSolution
		HideSolutionNode = FALSE
	EndGlobalSection
	GlobalSection(ExtensibilityGlobals) = postSolution
		SolutionGuid = {B23DDA58-D545-4DCF-AB7D-F6CA8128E753}
	EndGlobalSection
EndGlobal
